
Microsoft Visual Studio Solution File, Format Version 12.00
# Visual Studio Version 17
VisualStudioVersion = 17.6.33815.320
MinimumVisualStudioVersion = 10.0.40219.1
Project("{9A19103F-16F7-4668-BE54-9A1E7A4F7556}") = "taskApp", "taskApp.csproj", "{65CEA380-21D6-4BFB-ABD9-7E44E6346EDF}"
EndProject
Project("{9A19103F-16F7-4668-BE54-9A1E7A4F7556}") = "taskApp.Domain.Entity", "..\taskApp.Domain.Entity\taskApp.Domain.Entity.csproj", "{7B8FE4E8-887A-418E-B925-82A1BEF042EC}"
EndProject
Project("{9A19103F-16F7-4668-BE54-9A1E7A4F7556}") = "taskApp.Domain.Infra", "..\taskApp.Domain.Infra\taskApp.Domain.Infra.csproj", "{3981E249-9948-42E3-8040-08A98037F631}"
EndProject
Project("{9A19103F-16F7-4668-BE54-9A1E7A4F7556}") = "taskApp.Domain.Services", "..\taskApp.Domain.Services\taskApp.Domain.Services.csproj", "{7A63510D-DA6C-4A12-9437-CF4EBD971419}"
EndProject
Project("{FAE04EC0-301F-11D3-BF4B-00C04F79EFBC}") = "taskapp.test", "..\taskapp.test\taskapp.test.csproj", "{DF8A6AB4-A5AB-47B4-ACD5-3076962BD71E}"
EndProject
Global
	GlobalSection(SolutionConfigurationPlatforms) = preSolution
		Debug|Any CPU = Debug|Any CPU
		Release|Any CPU = Release|Any CPU
	EndGlobalSection
	GlobalSection(ProjectConfigurationPlatforms) = postSolution
		{65CEA380-21D6-4BFB-ABD9-7E44E6346EDF}.Debug|Any CPU.ActiveCfg = Debug|Any CPU
		{65CEA380-21D6-4BFB-ABD9-7E44E6346EDF}.Debug|Any CPU.Build.0 = Debug|Any CPU
		{65CEA380-21D6-4BFB-ABD9-7E44E6346EDF}.Release|Any CPU.ActiveCfg = Release|Any CPU
		{65CEA380-21D6-4BFB-ABD9-7E44E6346EDF}.Release|Any CPU.Build.0 = Release|Any CPU
		{7B8FE4E8-887A-418E-B925-82A1BEF042EC}.Debug|Any CPU.ActiveCfg = Debug|Any CPU
		{7B8FE4E8-887A-418E-B925-82A1BEF042EC}.Debug|Any CPU.Build.0 = Debug|Any CPU
		{7B8FE4E8-887A-418E-B925-82A1BEF042EC}.Release|Any CPU.ActiveCfg = Release|Any CPU
		{7B8FE4E8-887A-418E-B925-82A1BEF042EC}.Release|Any CPU.Build.0 = Release|Any CPU
		{3981E249-9948-42E3-8040-08A98037F631}.Debug|Any CPU.ActiveCfg = Debug|Any CPU
		{3981E249-9948-42E3-8040-08A98037F631}.Debug|Any CPU.Build.0 = Debug|Any CPU
		{3981E249-9948-42E3-8040-08A98037F631}.Release|Any CPU.ActiveCfg = Release|Any CPU
		{3981E249-9948-42E3-8040-08A98037F631}.Release|Any CPU.Build.0 = Release|Any CPU
		{7A63510D-DA6C-4A12-9437-CF4EBD971419}.Debug|Any CPU.ActiveCfg = Debug|Any CPU
		{7A63510D-DA6C-4A12-9437-CF4EBD971419}.Debug|Any CPU.Build.0 = Debug|Any CPU
		{7A63510D-DA6C-4A12-9437-CF4EBD971419}.Release|Any CPU.ActiveCfg = Release|Any CPU
		{7A63510D-DA6C-4A12-9437-CF4EBD971419}.Release|Any CPU.Build.0 = Release|Any CPU
		{DF8A6AB4-A5AB-47B4-ACD5-3076962BD71E}.Debug|Any CPU.ActiveCfg = Debug|Any CPU
		{DF8A6AB4-A5AB-47B4-ACD5-3076962BD71E}.Debug|Any CPU.Build.0 = Debug|Any CPU
		{DF8A6AB4-A5AB-47B4-ACD5-3076962BD71E}.Release|Any CPU.ActiveCfg = Release|Any CPU
		{DF8A6AB4-A5AB-47B4-ACD5-3076962BD71E}.Release|Any CPU.Build.0 = Release|Any CPU
	EndGlobalSection
	GlobalSection(SolutionProperties) = preSolution
		HideSolutionNode = FALSE
	EndGlobalSection
	GlobalSection(ExtensibilityGlobals) = postSolution
		SolutionGuid = {573B265E-8150-4A8B-B5EF-85D12C2BD126}
	EndGlobalSection
EndGlobal
